// !$*UTF8*$!
{
	archiveVersion = 1;
	classes = {
	};
	objectVersion = 55;
	objects = {

/* Begin PBXBuildFile section */
		7B4A26632784C8620096DF9B /* AppDelegate.swift in Sources */ = {isa = PBXBuildFile; fileRef = 7B4A26622784C8620096DF9B /* AppDelegate.swift */; };
		7B4A26652784C8620096DF9B /* SceneDelegate.swift in Sources */ = {isa = PBXBuildFile; fileRef = 7B4A26642784C8620096DF9B /* SceneDelegate.swift */; };
		7B4A26672784C8620096DF9B /* ViewController.swift in Sources */ = {isa = PBXBuildFile; fileRef = 7B4A26662784C8620096DF9B /* ViewController.swift */; };
		7B4A266A2784C8620096DF9B /* Main.storyboard in Resources */ = {isa = PBXBuildFile; fileRef = 7B4A26682784C8620096DF9B /* Main.storyboard */; };
		7B4A266C2784C8650096DF9B /* Assets.xcassets in Resources */ = {isa = PBXBuildFile; fileRef = 7B4A266B2784C8650096DF9B /* Assets.xcassets */; };
		7B4A266F2784C8650096DF9B /* LaunchScreen.storyboard in Resources */ = {isa = PBXBuildFile; fileRef = 7B4A266D2784C8650096DF9B /* LaunchScreen.storyboard */; };
		7B4A267A2784C8650096DF9B /* UIKitRepressentableTests.swift in Sources */ = {isa = PBXBuildFile; fileRef = 7B4A26792784C8650096DF9B /* UIKitRepressentableTests.swift */; };
		7B4A26842784C8650096DF9B /* UIKitRepressentableUITests.swift in Sources */ = {isa = PBXBuildFile; fileRef = 7B4A26832784C8650096DF9B /* UIKitRepressentableUITests.swift */; };
		7B4A26862784C8650096DF9B /* UIKitRepressentableUITestsLaunchTests.swift in Sources */ = {isa = PBXBuildFile; fileRef = 7B4A26852784C8650096DF9B /* UIKitRepressentableUITestsLaunchTests.swift */; };
		7B4A26932784CAE20096DF9B /* UIKitPreview.swift in Sources */ = {isa = PBXBuildFile; fileRef = 7B4A26922784CAE20096DF9B /* UIKitPreview.swift */; };
		7B4A2695278503D90096DF9B /* SimpleSwiftUIView.swift in Sources */ = {isa = PBXBuildFile; fileRef = 7B4A2694278503D90096DF9B /* SimpleSwiftUIView.swift */; };
/* End PBXBuildFile section */

/* Begin PBXContainerItemProxy section */
		7B4A26762784C8650096DF9B /* PBXContainerItemProxy */ = {
			isa = PBXContainerItemProxy;
			containerPortal = 7B4A26572784C8620096DF9B /* Project object */;
			proxyType = 1;
			remoteGlobalIDString = 7B4A265E2784C8620096DF9B;
			remoteInfo = UIKitRepressentable;
		};
		7B4A26802784C8650096DF9B /* PBXContainerItemProxy */ = {
			isa = PBXContainerItemProxy;
			containerPortal = 7B4A26572784C8620096DF9B /* Project object */;
			proxyType = 1;
			remoteGlobalIDString = 7B4A265E2784C8620096DF9B;
			remoteInfo = UIKitRepressentable;
		};
/* End PBXContainerItemProxy section */

/* Begin PBXFileReference section */
		7B4A265F2784C8620096DF9B /* UIKitRepressentable.app */ = {isa = PBXFileReference; explicitFileType = wrapper.application; includeInIndex = 0; path = UIKitRepressentable.app; sourceTree = BUILT_PRODUCTS_DIR; };
		7B4A26622784C8620096DF9B /* AppDelegate.swift */ = {isa = PBXFileReference; lastKnownFileType = sourcecode.swift; path = AppDelegate.swift; sourceTree = "<group>"; };
		7B4A26642784C8620096DF9B /* SceneDelegate.swift */ = {isa = PBXFileReference; lastKnownFileType = sourcecode.swift; path = SceneDelegate.swift; sourceTree = "<group>"; };
		7B4A26662784C8620096DF9B /* ViewController.swift */ = {isa = PBXFileReference; lastKnownFileType = sourcecode.swift; path = ViewController.swift; sourceTree = "<group>"; };
		7B4A26692784C8620096DF9B /* Base */ = {isa = PBXFileReference; lastKnownFileType = file.storyboard; name = Base; path = Base.lproj/Main.storyboard; sourceTree = "<group>"; };
		7B4A266B2784C8650096DF9B /* Assets.xcassets */ = {isa = PBXFileReference; lastKnownFileType = folder.assetcatalog; path = Assets.xcassets; sourceTree = "<group>"; };
		7B4A266E2784C8650096DF9B /* Base */ = {isa = PBXFileReference; lastKnownFileType = file.storyboard; name = Base; path = Base.lproj/LaunchScreen.storyboard; sourceTree = "<group>"; };
		7B4A26702784C8650096DF9B /* Info.plist */ = {isa = PBXFileReference; lastKnownFileType = text.plist.xml; path = Info.plist; sourceTree = "<group>"; };
		7B4A26752784C8650096DF9B /* UIKitRepressentableTests.xctest */ = {isa = PBXFileReference; explicitFileType = wrapper.cfbundle; includeInIndex = 0; path = UIKitRepressentableTests.xctest; sourceTree = BUILT_PRODUCTS_DIR; };
		7B4A26792784C8650096DF9B /* UIKitRepressentableTests.swift */ = {isa = PBXFileReference; lastKnownFileType = sourcecode.swift; path = UIKitRepressentableTests.swift; sourceTree = "<group>"; };
		7B4A267F2784C8650096DF9B /* UIKitRepressentableUITests.xctest */ = {isa = PBXFileReference; explicitFileType = wrapper.cfbundle; includeInIndex = 0; path = UIKitRepressentableUITests.xctest; sourceTree = BUILT_PRODUCTS_DIR; };
		7B4A26832784C8650096DF9B /* UIKitRepressentableUITests.swift */ = {isa = PBXFileReference; lastKnownFileType = sourcecode.swift; path = UIKitRepressentableUITests.swift; sourceTree = "<group>"; };
		7B4A26852784C8650096DF9B /* UIKitRepressentableUITestsLaunchTests.swift */ = {isa = PBXFileReference; lastKnownFileType = sourcecode.swift; path = UIKitRepressentableUITestsLaunchTests.swift; sourceTree = "<group>"; };
		7B4A26922784CAE20096DF9B /* UIKitPreview.swift */ = {isa = PBXFileReference; lastKnownFileType = sourcecode.swift; path = UIKitPreview.swift; sourceTree = "<group>"; };
		7B4A2694278503D90096DF9B /* SimpleSwiftUIView.swift */ = {isa = PBXFileReference; lastKnownFileType = sourcecode.swift; path = SimpleSwiftUIView.swift; sourceTree = "<group>"; };
/* End PBXFileReference section */

/* Begin PBXFrameworksBuildPhase section */
		7B4A265C2784C8620096DF9B /* Frameworks */ = {
			isa = PBXFrameworksBuildPhase;
			buildActionMask = 2147483647;
			files = (
			);
			runOnlyForDeploymentPostprocessing = 0;
		};
		7B4A26722784C8650096DF9B /* Frameworks */ = {
			isa = PBXFrameworksBuildPhase;
			buildActionMask = 2147483647;
			files = (
			);
			runOnlyForDeploymentPostprocessing = 0;
		};
		7B4A267C2784C8650096DF9B /* Frameworks */ = {
			isa = PBXFrameworksBuildPhase;
			buildActionMask = 2147483647;
			files = (
			);
			runOnlyForDeploymentPostprocessing = 0;
		};
/* End PBXFrameworksBuildPhase section */

/* Begin PBXGroup section */
		7B4A26562784C8620096DF9B = {
			isa = PBXGroup;
			children = (
				7B4A26612784C8620096DF9B /* UIKitRepressentable */,
				7B4A26782784C8650096DF9B /* UIKitRepressentableTests */,
				7B4A26822784C8650096DF9B /* UIKitRepressentableUITests */,
				7B4A26602784C8620096DF9B /* Products */,
			);
			sourceTree = "<group>";
		};
		7B4A26602784C8620096DF9B /* Products */ = {
			isa = PBXGroup;
			children = (
				7B4A265F2784C8620096DF9B /* UIKitRepressentable.app */,
				7B4A26752784C8650096DF9B /* UIKitRepressentableTests.xctest */,
				7B4A267F2784C8650096DF9B /* UIKitRepressentableUITests.xctest */,
			);
			name = Products;
			sourceTree = "<group>";
		};
		7B4A26612784C8620096DF9B /* UIKitRepressentable */ = {
			isa = PBXGroup;
			children = (
				7B4A26622784C8620096DF9B /* AppDelegate.swift */,
				7B4A26642784C8620096DF9B /* SceneDelegate.swift */,
				7B4A26662784C8620096DF9B /* ViewController.swift */,
				7B4A2694278503D90096DF9B /* SimpleSwiftUIView.swift */,
				7B4A26922784CAE20096DF9B /* UIKitPreview.swift */,
				7B4A26682784C8620096DF9B /* Main.storyboard */,
				7B4A266B2784C8650096DF9B /* Assets.xcassets */,
				7B4A266D2784C8650096DF9B /* LaunchScreen.storyboard */,
				7B4A26702784C8650096DF9B /* Info.plist */,
			);
			path = UIKitRepressentable;
			sourceTree = "<group>";
		};
		7B4A26782784C8650096DF9B /* UIKitRepressentableTests */ = {
			isa = PBXGroup;
			children = (
				7B4A26792784C8650096DF9B /* UIKitRepressentableTests.swift */,
			);
			path = UIKitRepressentableTests;
			sourceTree = "<group>";
		};
		7B4A26822784C8650096DF9B /* UIKitRepressentableUITests */ = {
			isa = PBXGroup;
			children = (
				7B4A26832784C8650096DF9B /* UIKitRepressentableUITests.swift */,
				7B4A26852784C8650096DF9B /* UIKitRepressentableUITestsLaunchTests.swift */,
			);
			path = UIKitRepressentableUITests;
			sourceTree = "<group>";
		};
/* End PBXGroup section */

/* Begin PBXNativeTarget section */
		7B4A265E2784C8620096DF9B /* UIKitRepressentable */ = {
			isa = PBXNativeTarget;
			buildConfigurationList = 7B4A26892784C8650096DF9B /* Build configuration list for PBXNativeTarget "UIKitRepressentable" */;
			buildPhases = (
				7B4A265B2784C8620096DF9B /* Sources */,
				7B4A265C2784C8620096DF9B /* Frameworks */,
				7B4A265D2784C8620096DF9B /* Resources */,
			);
			buildRules = (
			);
			dependencies = (
			);
			name = UIKitRepressentable;
			productName = UIKitRepressentable;
			productReference = 7B4A265F2784C8620096DF9B /* UIKitRepressentable.app */;
			productType = "com.apple.product-type.application";
		};
		7B4A26742784C8650096DF9B /* UIKitRepressentableTests */ = {
			isa = PBXNativeTarget;
			buildConfigurationList = 7B4A268C2784C8650096DF9B /* Build configuration list for PBXNativeTarget "UIKitRepressentableTests" */;
			buildPhases = (
				7B4A26712784C8650096DF9B /* Sources */,
				7B4A26722784C8650096DF9B /* Frameworks */,
				7B4A26732784C8650096DF9B /* Resources */,
			);
			buildRules = (
			);
			dependencies = (
				7B4A26772784C8650096DF9B /* PBXTargetDependency */,
			);
			name = UIKitRepressentableTests;
			productName = UIKitRepressentableTests;
			productReference = 7B4A26752784C8650096DF9B /* UIKitRepressentableTests.xctest */;
			productType = "com.apple.product-type.bundle.unit-test";
		};
		7B4A267E2784C8650096DF9B /* UIKitRepressentableUITests */ = {
			isa = PBXNativeTarget;
			buildConfigurationList = 7B4A268F2784C8650096DF9B /* Build configuration list for PBXNativeTarget "UIKitRepressentableUITests" */;
			buildPhases = (
				7B4A267B2784C8650096DF9B /* Sources */,
				7B4A267C2784C8650096DF9B /* Frameworks */,
				7B4A267D2784C8650096DF9B /* Resources */,
			);
			buildRules = (
			);
			dependencies = (
				7B4A26812784C8650096DF9B /* PBXTargetDependency */,
			);
			name = UIKitRepressentableUITests;
			productName = UIKitRepressentableUITests;
			productReference = 7B4A267F2784C8650096DF9B /* UIKitRepressentableUITests.xctest */;
			productType = "com.apple.product-type.bundle.ui-testing";
		};
/* End PBXNativeTarget section */

/* Begin PBXProject section */
		7B4A26572784C8620096DF9B /* Project object */ = {
			isa = PBXProject;
			attributes = {
				BuildIndependentTargetsInParallel = 1;
				LastSwiftUpdateCheck = 1300;
				LastUpgradeCheck = 1300;
				TargetAttributes = {
					7B4A265E2784C8620096DF9B = {
						CreatedOnToolsVersion = 13.0;
					};
					7B4A26742784C8650096DF9B = {
						CreatedOnToolsVersion = 13.0;
						TestTargetID = 7B4A265E2784C8620096DF9B;
					};
					7B4A267E2784C8650096DF9B = {
						CreatedOnToolsVersion = 13.0;
						TestTargetID = 7B4A265E2784C8620096DF9B;
					};
				};
			};
			buildConfigurationList = 7B4A265A2784C8620096DF9B /* Build configuration list for PBXProject "UIKitRepressentable" */;
			compatibilityVersion = "Xcode 13.0";
			developmentRegion = en;
			hasScannedForEncodings = 0;
			knownRegions = (
				en,
				Base,
			);
			mainGroup = 7B4A26562784C8620096DF9B;
			productRefGroup = 7B4A26602784C8620096DF9B /* Products */;
			projectDirPath = "";
			projectRoot = "";
			targets = (
				7B4A265E2784C8620096DF9B /* UIKitRepressentable */,
				7B4A26742784C8650096DF9B /* UIKitRepressentableTests */,
				7B4A267E2784C8650096DF9B /* UIKitRepressentableUITests */,
			);
		};
/* End PBXProject section */

/* Begin PBXResourcesBuildPhase section */
		7B4A265D2784C8620096DF9B /* Resources */ = {
			isa = PBXResourcesBuildPhase;
			buildActionMask = 2147483647;
			files = (
				7B4A266F2784C8650096DF9B /* LaunchScreen.storyboard in Resources */,
				7B4A266C2784C8650096DF9B /* Assets.xcassets in Resources */,
				7B4A266A2784C8620096DF9B /* Main.storyboard in Resources */,
			);
			runOnlyForDeploymentPostprocessing = 0;
		};
		7B4A26732784C8650096DF9B /* Resources */ = {
			isa = PBXResourcesBuildPhase;
			buildActionMask = 2147483647;
			files = (
			);
			runOnlyForDeploymentPostprocessing = 0;
		};
		7B4A267D2784C8650096DF9B /* Resources */ = {
			isa = PBXResourcesBuildPhase;
			buildActionMask = 2147483647;
			files = (
			);
			runOnlyForDeploymentPostprocessing = 0;
		};
/* End PBXResourcesBuildPhase section */

/* Begin PBXSourcesBuildPhase section */
		7B4A265B2784C8620096DF9B /* Sources */ = {
			isa = PBXSourcesBuildPhase;
			buildActionMask = 2147483647;
			files = (
				7B4A26672784C8620096DF9B /* ViewController.swift in Sources */,
				7B4A2695278503D90096DF9B /* SimpleSwiftUIView.swift in Sources */,
				7B4A26932784CAE20096DF9B /* UIKitPreview.swift in Sources */,
				7B4A26632784C8620096DF9B /* AppDelegate.swift in Sources */,
				7B4A26652784C8620096DF9B /* SceneDelegate.swift in Sources */,
			);
			runOnlyForDeploymentPostprocessing = 0;
		};
		7B4A26712784C8650096DF9B /* Sources */ = {
			isa = PBXSourcesBuildPhase;
			buildActionMask = 2147483647;
			files = (
				7B4A267A2784C8650096DF9B /* UIKitRepressentableTests.swift in Sources */,
			);
			runOnlyForDeploymentPostprocessing = 0;
		};
		7B4A267B2784C8650096DF9B /* Sources */ = {
			isa = PBXSourcesBuildPhase;
			buildActionMask = 2147483647;
			files = (
				7B4A26862784C8650096DF9B /* UIKitRepressentableUITestsLaunchTests.swift in Sources */,
				7B4A26842784C8650096DF9B /* UIKitRepressentableUITests.swift in Sources */,
			);
			runOnlyForDeploymentPostprocessing = 0;
		};
/* End PBXSourcesBuildPhase section */

/* Begin PBXTargetDependency section */
		7B4A26772784C8650096DF9B /* PBXTargetDependency */ = {
			isa = PBXTargetDependency;
			target = 7B4A265E2784C8620096DF9B /* UIKitRepressentable */;
			targetProxy = 7B4A26762784C8650096DF9B /* PBXContainerItemProxy */;
		};
		7B4A26812784C8650096DF9B /* PBXTargetDependency */ = {
			isa = PBXTargetDependency;
			target = 7B4A265E2784C8620096DF9B /* UIKitRepressentable */;
			targetProxy = 7B4A26802784C8650096DF9B /* PBXContainerItemProxy */;
		};
/* End PBXTargetDependency section */

/* Begin PBXVariantGroup section */
		7B4A26682784C8620096DF9B /* Main.storyboard */ = {
			isa = PBXVariantGroup;
			children = (
				7B4A26692784C8620096DF9B /* Base */,
			);
			name = Main.storyboard;
			sourceTree = "<group>";
		};
		7B4A266D2784C8650096DF9B /* LaunchScreen.storyboard */ = {
			isa = PBXVariantGroup;
			children = (
				7B4A266E2784C8650096DF9B /* Base */,
			);
			name = LaunchScreen.storyboard;
			sourceTree = "<group>";
		};
/* End PBXVariantGroup section */

/* Begin XCBuildConfiguration section */
		7B4A26872784C8650096DF9B /* Debug */ = {
			isa = XCBuildConfiguration;
			buildSettings = {
				ALWAYS_SEARCH_USER_PATHS = NO;
				CLANG_ANALYZER_NONNULL = YES;
				CLANG_ANALYZER_NUMBER_OBJECT_CONVERSION = YES_AGGRESSIVE;
				CLANG_CXX_LANGUAGE_STANDARD = "gnu++17";
				CLANG_CXX_LIBRARY = "libc++";
				CLANG_ENABLE_MODULES = YES;
				CLANG_ENABLE_OBJC_ARC = YES;
				CLANG_ENABLE_OBJC_WEAK = YES;
				CLANG_WARN_BLOCK_CAPTURE_AUTORELEASING = YES;
				CLANG_WARN_BOOL_CONVERSION = YES;
				CLANG_WARN_COMMA = YES;
				CLANG_WARN_CONSTANT_CONVERSION = YES;
				CLANG_WARN_DEPRECATED_OBJC_IMPLEMENTATIONS = YES;
				CLANG_WARN_DIRECT_OBJC_ISA_USAGE = YES_ERROR;
				CLANG_WARN_DOCUMENTATION_COMMENTS = YES;
				CLANG_WARN_EMPTY_BODY = YES;
				CLANG_WARN_ENUM_CONVERSION = YES;
				CLANG_WARN_INFINITE_RECURSION = YES;
				CLANG_WARN_INT_CONVERSION = YES;
				CLANG_WARN_NON_LITERAL_NULL_CONVERSION = YES;
				CLANG_WARN_OBJC_IMPLICIT_RETAIN_SELF = YES;
				CLANG_WARN_OBJC_LITERAL_CONVERSION = YES;
				CLANG_WARN_OBJC_ROOT_CLASS = YES_ERROR;
				CLANG_WARN_QUOTED_INCLUDE_IN_FRAMEWORK_HEADER = YES;
				CLANG_WARN_RANGE_LOOP_ANALYSIS = YES;
				CLANG_WARN_STRICT_PROTOTYPES = YES;
				CLANG_WARN_SUSPICIOUS_MOVE = YES;
				CLANG_WARN_UNGUARDED_AVAILABILITY = YES_AGGRESSIVE;
				CLANG_WARN_UNREACHABLE_CODE = YES;
				CLANG_WARN__DUPLICATE_METHOD_MATCH = YES;
				COPY_PHASE_STRIP = NO;
				DEBUG_INFORMATION_FORMAT = dwarf;
				ENABLE_STRICT_OBJC_MSGSEND = YES;
				ENABLE_TESTABILITY = YES;
				GCC_C_LANGUAGE_STANDARD = gnu11;
				GCC_DYNAMIC_NO_PIC = NO;
				GCC_NO_COMMON_BLOCKS = YES;
				GCC_OPTIMIZATION_LEVEL = 0;
				GCC_PREPROCESSOR_DEFINITIONS = (
					"DEBUG=1",
					"$(inherited)",
				);
				GCC_WARN_64_TO_32_BIT_CONVERSION = YES;
				GCC_WARN_ABOUT_RETURN_TYPE = YES_ERROR;
				GCC_WARN_UNDECLARED_SELECTOR = YES;
				GCC_WARN_UNINITIALIZED_AUTOS = YES_AGGRESSIVE;
				GCC_WARN_UNUSED_FUNCTION = YES;
				GCC_WARN_UNUSED_VARIABLE = YES;
				IPHONEOS_DEPLOYMENT_TARGET = 15.0;
				MTL_ENABLE_DEBUG_INFO = INCLUDE_SOURCE;
				MTL_FAST_MATH = YES;
				ONLY_ACTIVE_ARCH = YES;
				SDKROOT = iphoneos;
				SWIFT_ACTIVE_COMPILATION_CONDITIONS = DEBUG;
				SWIFT_OPTIMIZATION_LEVEL = "-Onone";
			};
			name = Debug;
		};
		7B4A26882784C8650096DF9B /* Release */ = {
			isa = XCBuildConfiguration;
			buildSettings = {
				ALWAYS_SEARCH_USER_PATHS = NO;
				CLANG_ANALYZER_NONNULL = YES;
				CLANG_ANALYZER_NUMBER_OBJECT_CONVERSION = YES_AGGRESSIVE;
				CLANG_CXX_LANGUAGE_STANDARD = "gnu++17";
				CLANG_CXX_LIBRARY = "libc++";
				CLANG_ENABLE_MODULES = YES;
				CLANG_ENABLE_OBJC_ARC = YES;
				CLANG_ENABLE_OBJC_WEAK = YES;
				CLANG_WARN_BLOCK_CAPTURE_AUTORELEASING = YES;
				CLANG_WARN_BOOL_CONVERSION = YES;
				CLANG_WARN_COMMA = YES;
				CLANG_WARN_CONSTANT_CONVERSION = YES;
				CLANG_WARN_DEPRECATED_OBJC_IMPLEMENTATIONS = YES;
				CLANG_WARN_DIRECT_OBJC_ISA_USAGE = YES_ERROR;
				CLANG_WARN_DOCUMENTATION_COMMENTS = YES;
				CLANG_WARN_EMPTY_BODY = YES;
				CLANG_WARN_ENUM_CONVERSION = YES;
				CLANG_WARN_INFINITE_RECURSION = YES;
				CLANG_WARN_INT_CONVERSION = YES;
				CLANG_WARN_NON_LITERAL_NULL_CONVERSION = YES;
				CLANG_WARN_OBJC_IMPLICIT_RETAIN_SELF = YES;
				CLANG_WARN_OBJC_LITERAL_CONVERSION = YES;
				CLANG_WARN_OBJC_ROOT_CLASS = YES_ERROR;
				CLANG_WARN_QUOTED_INCLUDE_IN_FRAMEWORK_HEADER = YES;
				CLANG_WARN_RANGE_LOOP_ANALYSIS = YES;
				CLANG_WARN_STRICT_PROTOTYPES = YES;
				CLANG_WARN_SUSPICIOUS_MOVE = YES;
				CLANG_WARN_UNGUARDED_AVAILABILITY = YES_AGGRESSIVE;
				CLANG_WARN_UNREACHABLE_CODE = YES;
				CLANG_WARN__DUPLICATE_METHOD_MATCH = YES;
				COPY_PHASE_STRIP = NO;
				DEBUG_INFORMATION_FORMAT = "dwarf-with-dsym";
				ENABLE_NS_ASSERTIONS = NO;
				ENABLE_STRICT_OBJC_MSGSEND = YES;
				GCC_C_LANGUAGE_STANDARD = gnu11;
				GCC_NO_COMMON_BLOCKS = YES;
				GCC_WARN_64_TO_32_BIT_CONVERSION = YES;
				GCC_WARN_ABOUT_RETURN_TYPE = YES_ERROR;
				GCC_WARN_UNDECLARED_SELECTOR = YES;
				GCC_WARN_UNINITIALIZED_AUTOS = YES_AGGRESSIVE;
				GCC_WARN_UNUSED_FUNCTION = YES;
				GCC_WARN_UNUSED_VARIABLE = YES;
				IPHONEOS_DEPLOYMENT_TARGET = 15.0;
				MTL_ENABLE_DEBUG_INFO = NO;
				MTL_FAST_MATH = YES;
				SDKROOT = iphoneos;
				SWIFT_COMPILATION_MODE = wholemodule;
				SWIFT_OPTIMIZATION_LEVEL = "-O";
				VALIDATE_PRODUCT = YES;
			};
			name = Release;
		};
		7B4A268A2784C8650096DF9B /* Debug */ = {
			isa = XCBuildConfiguration;
			buildSettings = {
				ASSETCATALOG_COMPILER_APPICON_NAME = AppIcon;
				ASSETCATALOG_COMPILER_GLOBAL_ACCENT_COLOR_NAME = AccentColor;
				CODE_SIGN_STYLE = Automatic;
				CURRENT_PROJECT_VERSION = 1;
				DEVELOPMENT_TEAM = BW7XZA6U32;
				GENERATE_INFOPLIST_FILE = YES;
				INFOPLIST_FILE = UIKitRepressentable/Info.plist;
				INFOPLIST_KEY_UIApplicationSupportsIndirectInputEvents = YES;
				INFOPLIST_KEY_UILaunchStoryboardName = LaunchScreen;
				INFOPLIST_KEY_UIMainStoryboardFile = Main;
				INFOPLIST_KEY_UISupportedInterfaceOrientations_iPad = "UIInterfaceOrientationPortrait UIInterfaceOrientationPortraitUpsideDown UIInterfaceOrientationLandscapeLeft UIInterfaceOrientationLandscapeRight";
				INFOPLIST_KEY_UISupportedInterfaceOrientations_iPhone = "UIInterfaceOrientationPortrait UIInterfaceOrientationLandscapeLeft UIInterfaceOrientationLandscapeRight";
				LD_RUNPATH_SEARCH_PATHS = (
					"$(inherited)",
					"@executable_path/Frameworks",
				);
				MARKETING_VERSION = 1.0;
				PRODUCT_BUNDLE_IDENTIFIER = com.beyrami.UIKitRepressentable;
				PRODUCT_NAME = "$(TARGET_NAME)";
				SWIFT_EMIT_LOC_STRINGS = YES;
				SWIFT_VERSION = 5.0;
				TARGETED_DEVICE_FAMILY = "1,2";
			};
			name = Debug;
		};
		7B4A268B2784C8650096DF9B /* Release */ = {
			isa = XCBuildConfiguration;
			buildSettings = {
				ASSETCATALOG_COMPILER_APPICON_NAME = AppIcon;
				ASSETCATALOG_COMPILER_GLOBAL_ACCENT_COLOR_NAME = AccentColor;
				CODE_SIGN_STYLE = Automatic;
				CURRENT_PROJECT_VERSION = 1;
				DEVELOPMENT_TEAM = BW7XZA6U32;
				GENERATE_INFOPLIST_FILE = YES;
				INFOPLIST_FILE = UIKitRepressentable/Info.plist;
				INFOPLIST_KEY_UIApplicationSupportsIndirectInputEvents = YES;
				INFOPLIST_KEY_UILaunchStoryboardName = LaunchScreen;
				INFOPLIST_KEY_UIMainStoryboardFile = Main;
				INFOPLIST_KEY_UISupportedInterfaceOrientations_iPad = "UIInterfaceOrientationPortrait UIInterfaceOrientationPortraitUpsideDown UIInterfaceOrientationLandscapeLeft UIInterfaceOrientationLandscapeRight";
				INFOPLIST_KEY_UISupportedInterfaceOrientations_iPhone = "UIInterfaceOrientationPortrait UIInterfaceOrientationLandscapeLeft UIInterfaceOrientationLandscapeRight";
				LD_RUNPATH_SEARCH_PATHS = (
					"$(inherited)",
					"@executable_path/Frameworks",
				);
				MARKETING_VERSION = 1.0;
				PRODUCT_BUNDLE_IDENTIFIER = com.beyrami.UIKitRepressentable;
				PRODUCT_NAME = "$(TARGET_NAME)";
				SWIFT_EMIT_LOC_STRINGS = YES;
				SWIFT_VERSION = 5.0;
				TARGETED_DEVICE_FAMILY = "1,2";
			};
			name = Release;
		};
		7B4A268D2784C8650096DF9B /* Debug */ = {
			isa = XCBuildConfiguration;
			buildSettings = {
				ALWAYS_EMBED_SWIFT_STANDARD_LIBRARIES = YES;
				BUNDLE_LOADER = "$(TEST_HOST)";
				CODE_SIGN_STYLE = Automatic;
				CURRENT_PROJECT_VERSION = 1;
				DEVELOPMENT_TEAM = BW7XZA6U32;
				GENERATE_INFOPLIST_FILE = YES;
				IPHONEOS_DEPLOYMENT_TARGET = 15.0;
				LD_RUNPATH_SEARCH_PATHS = (
					"$(inherited)",
					"@executable_path/Frameworks",
					"@loader_path/Frameworks",
				);
				MARKETING_VERSION = 1.0;
				PRODUCT_BUNDLE_IDENTIFIER = com.beyrami.UIKitRepressentableTests;
				PRODUCT_NAME = "$(TARGET_NAME)";
				SWIFT_EMIT_LOC_STRINGS = NO;
				SWIFT_VERSION = 5.0;
				TARGETED_DEVICE_FAMILY = "1,2";
				TEST_HOST = "$(BUILT_PRODUCTS_DIR)/UIKitRepressentable.app/UIKitRepressentable";
			};
			name = Debug;
		};
		7B4A268E2784C8650096DF9B /* Release */ = {
			isa = XCBuildConfiguration;
			buildSettings = {
				ALWAYS_EMBED_SWIFT_STANDARD_LIBRARIES = YES;
				BUNDLE_LOADER = "$(TEST_HOST)";
				CODE_SIGN_STYLE = Automatic;
				CURRENT_PROJECT_VERSION = 1;
				DEVELOPMENT_TEAM = BW7XZA6U32;
				GENERATE_INFOPLIST_FILE = YES;
				IPHONEOS_DEPLOYMENT_TARGET = 15.0;
				LD_RUNPATH_SEARCH_PATHS = (
					"$(inherited)",
					"@executable_path/Frameworks",
					"@loader_path/Frameworks",
				);
				MARKETING_VERSION = 1.0;
				PRODUCT_BUNDLE_IDENTIFIER = com.beyrami.UIKitRepressentableTests;
				PRODUCT_NAME = "$(TARGET_NAME)";
				SWIFT_EMIT_LOC_STRINGS = NO;
				SWIFT_VERSION = 5.0;
				TARGETED_DEVICE_FAMILY = "1,2";
				TEST_HOST = "$(BUILT_PRODUCTS_DIR)/UIKitRepressentable.app/UIKitRepressentable";
			};
			name = Release;
		};
		7B4A26902784C8650096DF9B /* Debug */ = {
			isa = XCBuildConfiguration;
			buildSettings = {
				ALWAYS_EMBED_SWIFT_STANDARD_LIBRARIES = YES;
				CODE_SIGN_STYLE = Automatic;
				CURRENT_PROJECT_VERSION = 1;
				DEVELOPMENT_TEAM = BW7XZA6U32;
				GENERATE_INFOPLIST_FILE = YES;
				LD_RUNPATH_SEARCH_PATHS = (
					"$(inherited)",
					"@executable_path/Frameworks",
					"@loader_path/Frameworks",
				);
				MARKETING_VERSION = 1.0;
				PRODUCT_BUNDLE_IDENTIFIER = com.beyrami.UIKitRepressentableUITests;
				PRODUCT_NAME = "$(TARGET_NAME)";
				SWIFT_EMIT_LOC_STRINGS = NO;
				SWIFT_VERSION = 5.0;
				TARGETED_DEVICE_FAMILY = "1,2";
				TEST_TARGET_NAME = UIKitRepressentable;
			};
			name = Debug;
		};
		7B4A26912784C8650096DF9B /* Release */ = {
			isa = XCBuildConfiguration;
			buildSettings = {
				ALWAYS_EMBED_SWIFT_STANDARD_LIBRARIES = YES;
				CODE_SIGN_STYLE = Automatic;
				CURRENT_PROJECT_VERSION = 1;
				DEVELOPMENT_TEAM = BW7XZA6U32;
				GENERATE_INFOPLIST_FILE = YES;
				LD_RUNPATH_SEARCH_PATHS = (
					"$(inherited)",
					"@executable_path/Frameworks",
					"@loader_path/Frameworks",
				);
				MARKETING_VERSION = 1.0;
				PRODUCT_BUNDLE_IDENTIFIER = com.beyrami.UIKitRepressentableUITests;
				PRODUCT_NAME = "$(TARGET_NAME)";
				SWIFT_EMIT_LOC_STRINGS = NO;
				SWIFT_VERSION = 5.0;
				TARGETED_DEVICE_FAMILY = "1,2";
				TEST_TARGET_NAME = UIKitRepressentable;
			};
			name = Release;
		};
/* End XCBuildConfiguration section */

/* Begin XCConfigurationList section */
		7B4A265A2784C8620096DF9B /* Build configuration list for PBXProject "UIKitRepressentable" */ = {
			isa = XCConfigurationList;
			buildConfigurations = (
				7B4A26872784C8650096DF9B /* Debug */,
				7B4A26882784C8650096DF9B /* Release */,
			);
			defaultConfigurationIsVisible = 0;
			defaultConfigurationName = Release;
		};
		7B4A26892784C8650096DF9B /* Build configuration list for PBXNativeTarget "UIKitRepressentable" */ = {
			isa = XCConfigurationList;
			buildConfigurations = (
				7B4A268A2784C8650096DF9B /* Debug */,
				7B4A268B2784C8650096DF9B /* Release */,
			);
			defaultConfigurationIsVisible = 0;
			defaultConfigurationName = Release;
		};
		7B4A268C2784C8650096DF9B /* Build configuration list for PBXNativeTarget "UIKitRepressentableTests" */ = {
			isa = XCConfigurationList;
			buildConfigurations = (
				7B4A268D2784C8650096DF9B /* Debug */,
				7B4A268E2784C8650096DF9B /* Release */,
			);
			defaultConfigurationIsVisible = 0;
			defaultConfigurationName = Release;
		};
		7B4A268F2784C8650096DF9B /* Build configuration list for PBXNativeTarget "UIKitRepressentableUITests" */ = {
			isa = XCConfigurationList;
			buildConfigurations = (
				7B4A26902784C8650096DF9B /* Debug */,
				7B4A26912784C8650096DF9B /* Release */,
			);
			defaultConfigurationIsVisible = 0;
			defaultConfigurationName = Release;
		};
/* End XCConfigurationList section */
	};
	rootObject = 7B4A26572784C8620096DF9B /* Project object */;
}
